// !$*UTF8*$!
{
	archiveVersion = 1;
	classes = {
	};
	objectVersion = 50;
	objects = {

/* Begin PBXBuildFile section */
		05EE7EE2219C7B2400853256 /* AppDelegate.swift in Sources */ = {isa = PBXBuildFile; fileRef = 05EE7EE1219C7B2400853256 /* AppDelegate.swift */; };
		05EE7EE4219C7B2400853256 /* ViewController.swift in Sources */ = {isa = PBXBuildFile; fileRef = 05EE7EE3219C7B2400853256 /* ViewController.swift */; };
		05EE7EE7219C7B2400853256 /* Main.storyboard in Resources */ = {isa = PBXBuildFile; fileRef = 05EE7EE5219C7B2400853256 /* Main.storyboard */; };
		05EE7EEA219C7B2400853256 /* Cars.xcdatamodeld in Sources */ = {isa = PBXBuildFile; fileRef = 05EE7EE8219C7B2400853256 /* Cars.xcdatamodeld */; };
		05EE7EEC219C7B2600853256 /* Assets.xcassets in Resources */ = {isa = PBXBuildFile; fileRef = 05EE7EEB219C7B2600853256 /* Assets.xcassets */; };
		05EE7EEF219C7B2600853256 /* LaunchScreen.storyboard in Resources */ = {isa = PBXBuildFile; fileRef = 05EE7EED219C7B2600853256 /* LaunchScreen.storyboard */; };
		05EE7EFA219C7B2700853256 /* CarsTests.swift in Sources */ = {isa = PBXBuildFile; fileRef = 05EE7EF9219C7B2700853256 /* CarsTests.swift */; };
		774504A7C869CF23CFA8836C /* Pods_CarsTests.framework in Frameworks */ = {isa = PBXBuildFile; fileRef = 37EF9BF625C0507D4F24C294 /* Pods_CarsTests.framework */; };
		BBDF7E236D5841CDC1E1328D /* Pods_Cars.framework in Frameworks */ = {isa = PBXBuildFile; fileRef = E762EED2D5F46C3986895C36 /* Pods_Cars.framework */; };
/* End PBXBuildFile section */

/* Begin PBXContainerItemProxy section */
		05EE7EF6219C7B2700853256 /* PBXContainerItemProxy */ = {
			isa = PBXContainerItemProxy;
			containerPortal = 05EE7ED6219C7B2400853256 /* Project object */;
			proxyType = 1;
			remoteGlobalIDString = 05EE7EDD219C7B2400853256;
			remoteInfo = Cars;
		};
/* End PBXContainerItemProxy section */

/* Begin PBXFileReference section */
		05EE7EDE219C7B2400853256 /* Cars.app */ = {isa = PBXFileReference; explicitFileType = wrapper.application; includeInIndex = 0; path = Cars.app; sourceTree = BUILT_PRODUCTS_DIR; };
		05EE7EE1219C7B2400853256 /* AppDelegate.swift */ = {isa = PBXFileReference; lastKnownFileType = sourcecode.swift; path = AppDelegate.swift; sourceTree = "<group>"; };
		05EE7EE3219C7B2400853256 /* ViewController.swift */ = {isa = PBXFileReference; lastKnownFileType = sourcecode.swift; path = ViewController.swift; sourceTree = "<group>"; };
		05EE7EE6219C7B2400853256 /* Base */ = {isa = PBXFileReference; lastKnownFileType = file.storyboard; name = Base; path = Base.lproj/Main.storyboard; sourceTree = "<group>"; };
		05EE7EE9219C7B2400853256 /* Cars.xcdatamodel */ = {isa = PBXFileReference; lastKnownFileType = wrapper.xcdatamodel; path = Cars.xcdatamodel; sourceTree = "<group>"; };
		05EE7EEB219C7B2600853256 /* Assets.xcassets */ = {isa = PBXFileReference; lastKnownFileType = folder.assetcatalog; path = Assets.xcassets; sourceTree = "<group>"; };
		05EE7EEE219C7B2600853256 /* Base */ = {isa = PBXFileReference; lastKnownFileType = file.storyboard; name = Base; path = Base.lproj/LaunchScreen.storyboard; sourceTree = "<group>"; };
		05EE7EF0219C7B2600853256 /* Info.plist */ = {isa = PBXFileReference; lastKnownFileType = text.plist.xml; path = Info.plist; sourceTree = "<group>"; };
		05EE7EF5219C7B2700853256 /* CarsTests.xctest */ = {isa = PBXFileReference; explicitFileType = wrapper.cfbundle; includeInIndex = 0; path = CarsTests.xctest; sourceTree = BUILT_PRODUCTS_DIR; };
		05EE7EF9219C7B2700853256 /* CarsTests.swift */ = {isa = PBXFileReference; lastKnownFileType = sourcecode.swift; path = CarsTests.swift; sourceTree = "<group>"; };
		05EE7EFB219C7B2700853256 /* Info.plist */ = {isa = PBXFileReference; lastKnownFileType = text.plist.xml; path = Info.plist; sourceTree = "<group>"; };
		30615CD1FBF0B576A96C6C30 /* Pods-Cars.release.xcconfig */ = {isa = PBXFileReference; includeInIndex = 1; lastKnownFileType = text.xcconfig; name = "Pods-Cars.release.xcconfig"; path = "Pods/Target Support Files/Pods-Cars/Pods-Cars.release.xcconfig"; sourceTree = "<group>"; };
		37EF9BF625C0507D4F24C294 /* Pods_CarsTests.framework */ = {isa = PBXFileReference; explicitFileType = wrapper.framework; includeInIndex = 0; path = Pods_CarsTests.framework; sourceTree = BUILT_PRODUCTS_DIR; };
		763522E8AEDFDCEBBEE20736 /* Pods-Cars.debug.xcconfig */ = {isa = PBXFileReference; includeInIndex = 1; lastKnownFileType = text.xcconfig; name = "Pods-Cars.debug.xcconfig"; path = "Pods/Target Support Files/Pods-Cars/Pods-Cars.debug.xcconfig"; sourceTree = "<group>"; };
		D44E91C4BD02189854A1337A /* Pods-CarsTests.debug.xcconfig */ = {isa = PBXFileReference; includeInIndex = 1; lastKnownFileType = text.xcconfig; name = "Pods-CarsTests.debug.xcconfig"; path = "Pods/Target Support Files/Pods-CarsTests/Pods-CarsTests.debug.xcconfig"; sourceTree = "<group>"; };
		D7819D86FB4C261A33257F7A /* Pods-CarsTests.release.xcconfig */ = {isa = PBXFileReference; includeInIndex = 1; lastKnownFileType = text.xcconfig; name = "Pods-CarsTests.release.xcconfig"; path = "Pods/Target Support Files/Pods-CarsTests/Pods-CarsTests.release.xcconfig"; sourceTree = "<group>"; };
		E762EED2D5F46C3986895C36 /* Pods_Cars.framework */ = {isa = PBXFileReference; explicitFileType = wrapper.framework; includeInIndex = 0; path = Pods_Cars.framework; sourceTree = BUILT_PRODUCTS_DIR; };
/* End PBXFileReference section */

/* Begin PBXFrameworksBuildPhase section */
		05EE7EDB219C7B2400853256 /* Frameworks */ = {
			isa = PBXFrameworksBuildPhase;
			buildActionMask = 2147483647;
			files = (
				BBDF7E236D5841CDC1E1328D /* Pods_Cars.framework in Frameworks */,
			);
			runOnlyForDeploymentPostprocessing = 0;
		};
		05EE7EF2219C7B2700853256 /* Frameworks */ = {
			isa = PBXFrameworksBuildPhase;
			buildActionMask = 2147483647;
			files = (
				774504A7C869CF23CFA8836C /* Pods_CarsTests.framework in Frameworks */,
			);
			runOnlyForDeploymentPostprocessing = 0;
		};
/* End PBXFrameworksBuildPhase section */

/* Begin PBXGroup section */
		05EE7ED5219C7B2400853256 = {
			isa = PBXGroup;
			children = (
				05EE7EE0219C7B2400853256 /* Cars */,
				05EE7EF8219C7B2700853256 /* CarsTests */,
				05EE7EDF219C7B2400853256 /* Products */,
				DFDC14889B5C96E3D1E720B2 /* Pods */,
				AA70A4699370519E7FA448B4 /* Frameworks */,
			);
			sourceTree = "<group>";
		};
		05EE7EDF219C7B2400853256 /* Products */ = {
			isa = PBXGroup;
			children = (
				05EE7EDE219C7B2400853256 /* Cars.app */,
				05EE7EF5219C7B2700853256 /* CarsTests.xctest */,
			);
			name = Products;
			sourceTree = "<group>";
		};
		05EE7EE0219C7B2400853256 /* Cars */ = {
			isa = PBXGroup;
			children = (
				05EE7EE1219C7B2400853256 /* AppDelegate.swift */,
				05EE7EE3219C7B2400853256 /* ViewController.swift */,
				05EE7EE5219C7B2400853256 /* Main.storyboard */,
				05EE7EEB219C7B2600853256 /* Assets.xcassets */,
				05EE7EED219C7B2600853256 /* LaunchScreen.storyboard */,
				05EE7EF0219C7B2600853256 /* Info.plist */,
				05EE7EE8219C7B2400853256 /* Cars.xcdatamodeld */,
			);
			path = Cars;
			sourceTree = "<group>";
		};
		05EE7EF8219C7B2700853256 /* CarsTests */ = {
			isa = PBXGroup;
			children = (
				05EE7EF9219C7B2700853256 /* CarsTests.swift */,
				05EE7EFB219C7B2700853256 /* Info.plist */,
			);
			path = CarsTests;
			sourceTree = "<group>";
		};
		AA70A4699370519E7FA448B4 /* Frameworks */ = {
			isa = PBXGroup;
			children = (
				E762EED2D5F46C3986895C36 /* Pods_Cars.framework */,
				37EF9BF625C0507D4F24C294 /* Pods_CarsTests.framework */,
			);
			name = Frameworks;
			sourceTree = "<group>";
		};
		DFDC14889B5C96E3D1E720B2 /* Pods */ = {
			isa = PBXGroup;
			children = (
				763522E8AEDFDCEBBEE20736 /* Pods-Cars.debug.xcconfig */,
				30615CD1FBF0B576A96C6C30 /* Pods-Cars.release.xcconfig */,
				D44E91C4BD02189854A1337A /* Pods-CarsTests.debug.xcconfig */,
				D7819D86FB4C261A33257F7A /* Pods-CarsTests.release.xcconfig */,
			);
			name = Pods;
			sourceTree = "<group>";
		};
/* End PBXGroup section */

/* Begin PBXNativeTarget section */
		05EE7EDD219C7B2400853256 /* Cars */ = {
			isa = PBXNativeTarget;
			buildConfigurationList = 05EE7EFE219C7B2700853256 /* Build configuration list for PBXNativeTarget "Cars" */;
			buildPhases = (
				8BB417D216A7D882E259A5BE /* [CP] Check Pods Manifest.lock */,
				05EE7EDA219C7B2400853256 /* Sources */,
				05EE7EDB219C7B2400853256 /* Frameworks */,
				05EE7EDC219C7B2400853256 /* Resources */,
			);
			buildRules = (
			);
			dependencies = (
			);
			name = Cars;
			productName = Cars;
			productReference = 05EE7EDE219C7B2400853256 /* Cars.app */;
			productType = "com.apple.product-type.application";
		};
		05EE7EF4219C7B2700853256 /* CarsTests */ = {
			isa = PBXNativeTarget;
			buildConfigurationList = 05EE7F01219C7B2700853256 /* Build configuration list for PBXNativeTarget "CarsTests" */;
			buildPhases = (
				6DF0369EB11B2C864A3DE9A6 /* [CP] Check Pods Manifest.lock */,
				05EE7EF1219C7B2700853256 /* Sources */,
				05EE7EF2219C7B2700853256 /* Frameworks */,
				05EE7EF3219C7B2700853256 /* Resources */,
			);
			buildRules = (
			);
			dependencies = (
				05EE7EF7219C7B2700853256 /* PBXTargetDependency */,
			);
			name = CarsTests;
			productName = CarsTests;
			productReference = 05EE7EF5219C7B2700853256 /* CarsTests.xctest */;
			productType = "com.apple.product-type.bundle.unit-test";
		};
/* End PBXNativeTarget section */

/* Begin PBXProject section */
		05EE7ED6219C7B2400853256 /* Project object */ = {
			isa = PBXProject;
			attributes = {
				LastSwiftUpdateCheck = 1000;
				LastUpgradeCheck = 1000;
				ORGANIZATIONNAME = Msheikh;
				TargetAttributes = {
					05EE7EDD219C7B2400853256 = {
						CreatedOnToolsVersion = 10.0;
					};
					05EE7EF4219C7B2700853256 = {
						CreatedOnToolsVersion = 10.0;
						TestTargetID = 05EE7EDD219C7B2400853256;
					};
				};
			};
			buildConfigurationList = 05EE7ED9219C7B2400853256 /* Build configuration list for PBXProject "Cars" */;
			compatibilityVersion = "Xcode 9.3";
			developmentRegion = en;
			hasScannedForEncodings = 0;
			knownRegions = (
				en,
				Base,
			);
			mainGroup = 05EE7ED5219C7B2400853256;
			productRefGroup = 05EE7EDF219C7B2400853256 /* Products */;
			projectDirPath = "";
			projectRoot = "";
			targets = (
				05EE7EDD219C7B2400853256 /* Cars */,
				05EE7EF4219C7B2700853256 /* CarsTests */,
			);
		};
/* End PBXProject section */

/* Begin PBXResourcesBuildPhase section */
		05EE7EDC219C7B2400853256 /* Resources */ = {
			isa = PBXResourcesBuildPhase;
			buildActionMask = 2147483647;
			files = (
				05EE7EEF219C7B2600853256 /* LaunchScreen.storyboard in Resources */,
				05EE7EEC219C7B2600853256 /* Assets.xcassets in Resources */,
				05EE7EE7219C7B2400853256 /* Main.storyboard in Resources */,
			);
			runOnlyForDeploymentPostprocessing = 0;
		};
		05EE7EF3219C7B2700853256 /* Resources */ = {
			isa = PBXResourcesBuildPhase;
			buildActionMask = 2147483647;
			files = (
			);
			runOnlyForDeploymentPostprocessing = 0;
		};
/* End PBXResourcesBuildPhase section */

/* Begin PBXShellScriptBuildPhase section */
		6DF0369EB11B2C864A3DE9A6 /* [CP] Check Pods Manifest.lock */ = {
			isa = PBXShellScriptBuildPhase;
			buildActionMask = 2147483647;
			files = (
			);
			inputPaths = (
				"${PODS_PODFILE_DIR_PATH}/Podfile.lock",
				"${PODS_ROOT}/Manifest.lock",
			);
			name = "[CP] Check Pods Manifest.lock";
			outputPaths = (
				"$(DERIVED_FILE_DIR)/Pods-CarsTests-checkManifestLockResult.txt",
			);
			runOnlyForDeploymentPostprocessing = 0;
			shellPath = /bin/sh;
			shellScript = "diff \"${PODS_PODFILE_DIR_PATH}/Podfile.lock\" \"${PODS_ROOT}/Manifest.lock\" > /dev/null\nif [ $? != 0 ] ; then\n    # print error to STDERR\n    echo \"error: The sandbox is not in sync with the Podfile.lock. Run 'pod install' or update your CocoaPods installation.\" >&2\n    exit 1\nfi\n# This output is used by Xcode 'outputs' to avoid re-running this script phase.\necho \"SUCCESS\" > \"${SCRIPT_OUTPUT_FILE_0}\"\n";
			showEnvVarsInLog = 0;
		};
		8BB417D216A7D882E259A5BE /* [CP] Check Pods Manifest.lock */ = {
			isa = PBXShellScriptBuildPhase;
			buildActionMask = 2147483647;
			files = (
			);
			inputPaths = (
				"${PODS_PODFILE_DIR_PATH}/Podfile.lock",
				"${PODS_ROOT}/Manifest.lock",
			);
			name = "[CP] Check Pods Manifest.lock";
			outputPaths = (
				"$(DERIVED_FILE_DIR)/Pods-Cars-checkManifestLockResult.txt",
			);
			runOnlyForDeploymentPostprocessing = 0;
			shellPath = /bin/sh;
			shellScript = "diff \"${PODS_PODFILE_DIR_PATH}/Podfile.lock\" \"${PODS_ROOT}/Manifest.lock\" > /dev/null\nif [ $? != 0 ] ; then\n    # print error to STDERR\n    echo \"error: The sandbox is not in sync with the Podfile.lock. Run 'pod install' or update your CocoaPods installation.\" >&2\n    exit 1\nfi\n# This output is used by Xcode 'outputs' to avoid re-running this script phase.\necho \"SUCCESS\" > \"${SCRIPT_OUTPUT_FILE_0}\"\n";
			showEnvVarsInLog = 0;
		};
/* End PBXShellScriptBuildPhase section */

/* Begin PBXSourcesBuildPhase section */
		05EE7EDA219C7B2400853256 /* Sources */ = {
			isa = PBXSourcesBuildPhase;
			buildActionMask = 2147483647;
			files = (
				05EE7EE4219C7B2400853256 /* ViewController.swift in Sources */,
				05EE7EE2219C7B2400853256 /* AppDelegate.swift in Sources */,
				05EE7EEA219C7B2400853256 /* Cars.xcdatamodeld in Sources */,
			);
			runOnlyForDeploymentPostprocessing = 0;
		};
		05EE7EF1219C7B2700853256 /* Sources */ = {
			isa = PBXSourcesBuildPhase;
			buildActionMask = 2147483647;
			files = (
				05EE7EFA219C7B2700853256 /* CarsTests.swift in Sources */,
			);
			runOnlyForDeploymentPostprocessing = 0;
		};
/* End PBXSourcesBuildPhase section */

/* Begin PBXTargetDependency section */
		05EE7EF7219C7B2700853256 /* PBXTargetDependency */ = {
			isa = PBXTargetDependency;
			target = 05EE7EDD219C7B2400853256 /* Cars */;
			targetProxy = 05EE7EF6219C7B2700853256 /* PBXContainerItemProxy */;
		};
/* End PBXTargetDependency section */

/* Begin PBXVariantGroup section */
		05EE7EE5219C7B2400853256 /* Main.storyboard */ = {
			isa = PBXVariantGroup;
			children = (
				05EE7EE6219C7B2400853256 /* Base */,
			);
			name = Main.storyboard;
			sourceTree = "<group>";
		};
		05EE7EED219C7B2600853256 /* LaunchScreen.storyboard */ = {
			isa = PBXVariantGroup;
			children = (
				05EE7EEE219C7B2600853256 /* Base */,
			);
			name = LaunchScreen.storyboard;
			sourceTree = "<group>";
		};
/* End PBXVariantGroup section */

/* Begin XCBuildConfiguration section */
		05EE7EFC219C7B2700853256 /* Debug */ = {
			isa = XCBuildConfiguration;
			buildSettings = {
				ALWAYS_SEARCH_USER_PATHS = NO;
				CLANG_ANALYZER_NONNULL = YES;
				CLANG_ANALYZER_NUMBER_OBJECT_CONVERSION = YES_AGGRESSIVE;
				CLANG_CXX_LANGUAGE_STANDARD = "gnu++14";
				CLANG_CXX_LIBRARY = "libc++";
				CLANG_ENABLE_MODULES = YES;
				CLANG_ENABLE_OBJC_ARC = YES;
				CLANG_ENABLE_OBJC_WEAK = YES;
				CLANG_WARN_BLOCK_CAPTURE_AUTORELEASING = YES;
				CLANG_WARN_BOOL_CONVERSION = YES;
				CLANG_WARN_COMMA = YES;
				CLANG_WARN_CONSTANT_CONVERSION = YES;
				CLANG_WARN_DEPRECATED_OBJC_IMPLEMENTATIONS = YES;
				CLANG_WARN_DIRECT_OBJC_ISA_USAGE = YES_ERROR;
				CLANG_WARN_DOCUMENTATION_COMMENTS = YES;
				CLANG_WARN_EMPTY_BODY = YES;
				CLANG_WARN_ENUM_CONVERSION = YES;
				CLANG_WARN_INFINITE_RECURSION = YES;
				CLANG_WARN_INT_CONVERSION = YES;
				CLANG_WARN_NON_LITERAL_NULL_CONVERSION = YES;
				CLANG_WARN_OBJC_IMPLICIT_RETAIN_SELF = YES;
				CLANG_WARN_OBJC_LITERAL_CONVERSION = YES;
				CLANG_WARN_OBJC_ROOT_CLASS = YES_ERROR;
				CLANG_WARN_RANGE_LOOP_ANALYSIS = YES;
				CLANG_WARN_STRICT_PROTOTYPES = YES;
				CLANG_WARN_SUSPICIOUS_MOVE = YES;
				CLANG_WARN_UNGUARDED_AVAILABILITY = YES_AGGRESSIVE;
				CLANG_WARN_UNREACHABLE_CODE = YES;
				CLANG_WARN__DUPLICATE_METHOD_MATCH = YES;
				CODE_SIGN_IDENTITY = "iPhone Developer";
				COPY_PHASE_STRIP = NO;
				DEBUG_INFORMATION_FORMAT = dwarf;
				ENABLE_STRICT_OBJC_MSGSEND = YES;
				ENABLE_TESTABILITY = YES;
				GCC_C_LANGUAGE_STANDARD = gnu11;
				GCC_DYNAMIC_NO_PIC = NO;
				GCC_NO_COMMON_BLOCKS = YES;
				GCC_OPTIMIZATION_LEVEL = 0;
				GCC_PREPROCESSOR_DEFINITIONS = (
					"DEBUG=1",
					"$(inherited)",
				);
				GCC_WARN_64_TO_32_BIT_CONVERSION = YES;
				GCC_WARN_ABOUT_RETURN_TYPE = YES_ERROR;
				GCC_WARN_UNDECLARED_SELECTOR = YES;
				GCC_WARN_UNINITIALIZED_AUTOS = YES_AGGRESSIVE;
				GCC_WARN_UNUSED_FUNCTION = YES;
				GCC_WARN_UNUSED_VARIABLE = YES;
				IPHONEOS_DEPLOYMENT_TARGET = 12.0;
				MTL_ENABLE_DEBUG_INFO = INCLUDE_SOURCE;
				MTL_FAST_MATH = YES;
				ONLY_ACTIVE_ARCH = YES;
				SDKROOT = iphoneos;
				SWIFT_ACTIVE_COMPILATION_CONDITIONS = DEBUG;
				SWIFT_OPTIMIZATION_LEVEL = "-Onone";
			};
			name = Debug;
		};
		05EE7EFD219C7B2700853256 /* Release */ = {
			isa = XCBuildConfiguration;
			buildSettings = {
				ALWAYS_SEARCH_USER_PATHS = NO;
				CLANG_ANALYZER_NONNULL = YES;
				CLANG_ANALYZER_NUMBER_OBJECT_CONVERSION = YES_AGGRESSIVE;
				CLANG_CXX_LANGUAGE_STANDARD = "gnu++14";
				CLANG_CXX_LIBRARY = "libc++";
				CLANG_ENABLE_MODULES = YES;
				CLANG_ENABLE_OBJC_ARC = YES;
				CLANG_ENABLE_OBJC_WEAK = YES;
				CLANG_WARN_BLOCK_CAPTURE_AUTORELEASING = YES;
				CLANG_WARN_BOOL_CONVERSION = YES;
				CLANG_WARN_COMMA = YES;
				CLANG_WARN_CONSTANT_CONVERSION = YES;
				CLANG_WARN_DEPRECATED_OBJC_IMPLEMENTATIONS = YES;
				CLANG_WARN_DIRECT_OBJC_ISA_USAGE = YES_ERROR;
				CLANG_WARN_DOCUMENTATION_COMMENTS = YES;
				CLANG_WARN_EMPTY_BODY = YES;
				CLANG_WARN_ENUM_CONVERSION = YES;
				CLANG_WARN_INFINITE_RECURSION = YES;
				CLANG_WARN_INT_CONVERSION = YES;
				CLANG_WARN_NON_LITERAL_NULL_CONVERSION = YES;
				CLANG_WARN_OBJC_IMPLICIT_RETAIN_SELF = YES;
				CLANG_WARN_OBJC_LITERAL_CONVERSION = YES;
				CLANG_WARN_OBJC_ROOT_CLASS = YES_ERROR;
				CLANG_WARN_RANGE_LOOP_ANALYSIS = YES;
				CLANG_WARN_STRICT_PROTOTYPES = YES;
				CLANG_WARN_SUSPICIOUS_MOVE = YES;
				CLANG_WARN_UNGUARDED_AVAILABILITY = YES_AGGRESSIVE;
				CLANG_WARN_UNREACHABLE_CODE = YES;
				CLANG_WARN__DUPLICATE_METHOD_MATCH = YES;
				CODE_SIGN_IDENTITY = "iPhone Developer";
				COPY_PHASE_STRIP = NO;
				DEBUG_INFORMATION_FORMAT = "dwarf-with-dsym";
				ENABLE_NS_ASSERTIONS = NO;
				ENABLE_STRICT_OBJC_MSGSEND = YES;
				GCC_C_LANGUAGE_STANDARD = gnu11;
				GCC_NO_COMMON_BLOCKS = YES;
				GCC_WARN_64_TO_32_BIT_CONVERSION = YES;
				GCC_WARN_ABOUT_RETURN_TYPE = YES_ERROR;
				GCC_WARN_UNDECLARED_SELECTOR = YES;
				GCC_WARN_UNINITIALIZED_AUTOS = YES_AGGRESSIVE;
				GCC_WARN_UNUSED_FUNCTION = YES;
				GCC_WARN_UNUSED_VARIABLE = YES;
				IPHONEOS_DEPLOYMENT_TARGET = 12.0;
				MTL_ENABLE_DEBUG_INFO = NO;
				MTL_FAST_MATH = YES;
				SDKROOT = iphoneos;
				SWIFT_COMPILATION_MODE = wholemodule;
				SWIFT_OPTIMIZATION_LEVEL = "-O";
				VALIDATE_PRODUCT = YES;
			};
			name = Release;
		};
		05EE7EFF219C7B2700853256 /* Debug */ = {
			isa = XCBuildConfiguration;
			baseConfigurationReference = 763522E8AEDFDCEBBEE20736 /* Pods-Cars.debug.xcconfig */;
			buildSettings = {
				ASSETCATALOG_COMPILER_APPICON_NAME = AppIcon;
				CODE_SIGN_STYLE = Automatic;
				DEVELOPMENT_TEAM = HQSUH8EU7X;
				INFOPLIST_FILE = Cars/Info.plist;
				LD_RUNPATH_SEARCH_PATHS = (
					"$(inherited)",
					"@executable_path/Frameworks",
				);
				PRODUCT_BUNDLE_IDENTIFIER = com.itg.mahmoud.Cars;
				PRODUCT_NAME = "$(TARGET_NAME)";
				SWIFT_VERSION = 4.2;
				TARGETED_DEVICE_FAMILY = "1,2";
			};
			name = Debug;
		};
		05EE7F00219C7B2700853256 /* Release */ = {
			isa = XCBuildConfiguration;
			baseConfigurationReference = 30615CD1FBF0B576A96C6C30 /* Pods-Cars.release.xcconfig */;
			buildSettings = {
				ASSETCATALOG_COMPILER_APPICON_NAME = AppIcon;
				CODE_SIGN_STYLE = Automatic;
				DEVELOPMENT_TEAM = HQSUH8EU7X;
				INFOPLIST_FILE = Cars/Info.plist;
				LD_RUNPATH_SEARCH_PATHS = (
					"$(inherited)",
					"@executable_path/Frameworks",
				);
				PRODUCT_BUNDLE_IDENTIFIER = com.itg.mahmoud.Cars;
				PRODUCT_NAME = "$(TARGET_NAME)";
				SWIFT_VERSION = 4.2;
				TARGETED_DEVICE_FAMILY = "1,2";
			};
			name = Release;
		};
		05EE7F02219C7B2700853256 /* Debug */ = {
			isa = XCBuildConfiguration;
			baseConfigurationReference = D44E91C4BD02189854A1337A /* Pods-CarsTests.debug.xcconfig */;
			buildSettings = {
				ALWAYS_EMBED_SWIFT_STANDARD_LIBRARIES = YES;
				BUNDLE_LOADER = "$(TEST_HOST)";
				CODE_SIGN_STYLE = Automatic;
				DEVELOPMENT_TEAM = HQSUH8EU7X;
				INFOPLIST_FILE = CarsTests/Info.plist;
				LD_RUNPATH_SEARCH_PATHS = (
					"$(inherited)",
					"@executable_path/Frameworks",
					"@loader_path/Frameworks",
				);
				PRODUCT_BUNDLE_IDENTIFIER = com.itg.mahmoud.CarsTests;
				PRODUCT_NAME = "$(TARGET_NAME)";
				SWIFT_VERSION = 4.2;
				TARGETED_DEVICE_FAMILY = "1,2";
				TEST_HOST = "$(BUILT_PRODUCTS_DIR)/Cars.app/Cars";
			};
			name = Debug;
		};
		05EE7F03219C7B2700853256 /* Release */ = {
			isa = XCBuildConfiguration;
			baseConfigurationReference = D7819D86FB4C261A33257F7A /* Pods-CarsTests.release.xcconfig */;
			buildSettings = {
				ALWAYS_EMBED_SWIFT_STANDARD_LIBRARIES = YES;
				BUNDLE_LOADER = "$(TEST_HOST)";
				CODE_SIGN_STYLE = Automatic;
				DEVELOPMENT_TEAM = HQSUH8EU7X;
				INFOPLIST_FILE = CarsTests/Info.plist;
				LD_RUNPATH_SEARCH_PATHS = (
					"$(inherited)",
					"@executable_path/Frameworks",
					"@loader_path/Frameworks",
				);
				PRODUCT_BUNDLE_IDENTIFIER = com.itg.mahmoud.CarsTests;
				PRODUCT_NAME = "$(TARGET_NAME)";
				SWIFT_VERSION = 4.2;
				TARGETED_DEVICE_FAMILY = "1,2";
				TEST_HOST = "$(BUILT_PRODUCTS_DIR)/Cars.app/Cars";
			};
			name = Release;
		};
/* End XCBuildConfiguration section */

/* Begin XCConfigurationList section */
		05EE7ED9219C7B2400853256 /* Build configuration list for PBXProject "Cars" */ = {
			isa = XCConfigurationList;
			buildConfigurations = (
				05EE7EFC219C7B2700853256 /* Debug */,
				05EE7EFD219C7B2700853256 /* Release */,
			);
			defaultConfigurationIsVisible = 0;
			defaultConfigurationName = Release;
		};
		05EE7EFE219C7B2700853256 /* Build configuration list for PBXNativeTarget "Cars" */ = {
			isa = XCConfigurationList;
			buildConfigurations = (
				05EE7EFF219C7B2700853256 /* Debug */,
				05EE7F00219C7B2700853256 /* Release */,
			);
			defaultConfigurationIsVisible = 0;
			defaultConfigurationName = Release;
		};
		05EE7F01219C7B2700853256 /* Build configuration list for PBXNativeTarget "CarsTests" */ = {
			isa = XCConfigurationList;
			buildConfigurations = (
				05EE7F02219C7B2700853256 /* Debug */,
				05EE7F03219C7B2700853256 /* Release */,
			);
			defaultConfigurationIsVisible = 0;
			defaultConfigurationName = Release;
		};
/* End XCConfigurationList section */

/* Begin XCVersionGroup section */
		05EE7EE8219C7B2400853256 /* Cars.xcdatamodeld */ = {
			isa = XCVersionGroup;
			children = (
				05EE7EE9219C7B2400853256 /* Cars.xcdatamodel */,
			);
			currentVersion = 05EE7EE9219C7B2400853256 /* Cars.xcdatamodel */;
			path = Cars.xcdatamodeld;
			sourceTree = "<group>";
			versionGroupType = wrapper.xcdatamodel;
		};
/* End XCVersionGroup section */
	};
	rootObject = 05EE7ED6219C7B2400853256 /* Project object */;
}
