// !$*UTF8*$!
{
	archiveVersion = 1;
	classes = {
	};
	objectVersion = 50;
	objects = {

/* Begin PBXBuildFile section */
		0553BFBE219D5A2000D8962C /* BaseViewModel.swift in Sources */ = {isa = PBXBuildFile; fileRef = 0553BFBB219D5A2000D8962C /* BaseViewModel.swift */; };
		0553BFBF219D5A2000D8962C /* BaseChatModel.swift in Sources */ = {isa = PBXBuildFile; fileRef = 0553BFBC219D5A2000D8962C /* BaseChatModel.swift */; };
		0553BFC0219D5A2000D8962C /* BaseViewController.swift in Sources */ = {isa = PBXBuildFile; fileRef = 0553BFBD219D5A2000D8962C /* BaseViewController.swift */; };
		0553BFC3219D5C5100D8962C /* Colors.xcassets in Resources */ = {isa = PBXBuildFile; fileRef = 0553BFC2219D5C5100D8962C /* Colors.xcassets */; };
		0553BFC8219D7A0500D8962C /* UserData.swift in Sources */ = {isa = PBXBuildFile; fileRef = 0553BFC7219D7A0500D8962C /* UserData.swift */; };
		0553BFCA219D7AC500D8962C /* UINavigationBar+extentions.swift in Sources */ = {isa = PBXBuildFile; fileRef = 0553BFC9219D7AC500D8962C /* UINavigationBar+extentions.swift */; };
		0553BFCD219DA28300D8962C /* CardView.swift in Sources */ = {isa = PBXBuildFile; fileRef = 0553BFCC219DA28300D8962C /* CardView.swift */; };
		0553BFD5219DC07E00D8962C /* UIStackView+Separator.m in Sources */ = {isa = PBXBuildFile; fileRef = 0553BFD4219DC07D00D8962C /* UIStackView+Separator.m */; };
		0553BFDA219DC50B00D8962C /* TableCell.swift in Sources */ = {isa = PBXBuildFile; fileRef = 0553BFD8219DC50B00D8962C /* TableCell.swift */; };
		0553BFDB219DC50B00D8962C /* TableCell.xib in Resources */ = {isa = PBXBuildFile; fileRef = 0553BFD9219DC50B00D8962C /* TableCell.xib */; };
		0553BFDE219DC52000D8962C /* gridCell.swift in Sources */ = {isa = PBXBuildFile; fileRef = 0553BFDC219DC52000D8962C /* gridCell.swift */; };
		0553BFDF219DC52000D8962C /* gridCell.xib in Resources */ = {isa = PBXBuildFile; fileRef = 0553BFDD219DC52000D8962C /* gridCell.xib */; };
		0553BFE1219DC55600D8962C /* CarsViewModel.swift in Sources */ = {isa = PBXBuildFile; fileRef = 0553BFE0219DC55600D8962C /* CarsViewModel.swift */; };
		05EE7EE2219C7B2400853256 /* AppDelegate.swift in Sources */ = {isa = PBXBuildFile; fileRef = 05EE7EE1219C7B2400853256 /* AppDelegate.swift */; };
		05EE7EE4219C7B2400853256 /* ViewController.swift in Sources */ = {isa = PBXBuildFile; fileRef = 05EE7EE3219C7B2400853256 /* ViewController.swift */; };
		05EE7EE7219C7B2400853256 /* Main.storyboard in Resources */ = {isa = PBXBuildFile; fileRef = 05EE7EE5219C7B2400853256 /* Main.storyboard */; };
		05EE7EEA219C7B2400853256 /* Cars.xcdatamodeld in Sources */ = {isa = PBXBuildFile; fileRef = 05EE7EE8219C7B2400853256 /* Cars.xcdatamodeld */; };
		05EE7EEC219C7B2600853256 /* Assets.xcassets in Resources */ = {isa = PBXBuildFile; fileRef = 05EE7EEB219C7B2600853256 /* Assets.xcassets */; };
		05EE7EEF219C7B2600853256 /* LaunchScreen.storyboard in Resources */ = {isa = PBXBuildFile; fileRef = 05EE7EED219C7B2600853256 /* LaunchScreen.storyboard */; };
		05EE7EFA219C7B2700853256 /* CarsTests.swift in Sources */ = {isa = PBXBuildFile; fileRef = 05EE7EF9219C7B2700853256 /* CarsTests.swift */; };
		05EE7F19219C7E2600853256 /* Dictionary.swift in Sources */ = {isa = PBXBuildFile; fileRef = 05EE7F12219C7E2600853256 /* Dictionary.swift */; };
		05EE7F1A219C7E2600853256 /* StringExtensions.swift in Sources */ = {isa = PBXBuildFile; fileRef = 05EE7F13219C7E2600853256 /* StringExtensions.swift */; };
		05EE7F1B219C7E2600853256 /* UIColor+Hex.swift in Sources */ = {isa = PBXBuildFile; fileRef = 05EE7F14219C7E2600853256 /* UIColor+Hex.swift */; };
		05EE7F1C219C7E2600853256 /* UIImage+tintingColor.swift in Sources */ = {isa = PBXBuildFile; fileRef = 05EE7F15219C7E2600853256 /* UIImage+tintingColor.swift */; };
		05EE7F1E219C7E2600853256 /* UIView+resources.swift in Sources */ = {isa = PBXBuildFile; fileRef = 05EE7F17219C7E2600853256 /* UIView+resources.swift */; };
		05EE7F1F219C7E2600853256 /* UIviewController+extension.swift in Sources */ = {isa = PBXBuildFile; fileRef = 05EE7F18219C7E2600853256 /* UIviewController+extension.swift */; };
		05EE7F21219C7EBC00853256 /* Constants.swift in Sources */ = {isa = PBXBuildFile; fileRef = 05EE7F20219C7EBC00853256 /* Constants.swift */; };
		05EE7F24219C7EFA00853256 /* DeviceHelper.swift in Sources */ = {isa = PBXBuildFile; fileRef = 05EE7F23219C7EFA00853256 /* DeviceHelper.swift */; };
		05EE7F26219C7F0400853256 /* ApiHelper.swift in Sources */ = {isa = PBXBuildFile; fileRef = 05EE7F25219C7F0400853256 /* ApiHelper.swift */; };
		200A030D79FD8BBD679F009D /* Pods_Cars.framework in Frameworks */ = {isa = PBXBuildFile; fileRef = 63F0FC4BB0D6D31AF1B71A0C /* Pods_Cars.framework */; };
		73EBCBECA918E1B8F8BA31AE /* Pods_CarsTests.framework in Frameworks */ = {isa = PBXBuildFile; fileRef = 66C4A02E9C9DBDB3F77CA303 /* Pods_CarsTests.framework */; };
/* End PBXBuildFile section */

/* Begin PBXContainerItemProxy section */
		05EE7EF6219C7B2700853256 /* PBXContainerItemProxy */ = {
			isa = PBXContainerItemProxy;
			containerPortal = 05EE7ED6219C7B2400853256 /* Project object */;
			proxyType = 1;
			remoteGlobalIDString = 05EE7EDD219C7B2400853256;
			remoteInfo = Cars;
		};
/* End PBXContainerItemProxy section */

/* Begin PBXFileReference section */
		0553BFBB219D5A2000D8962C /* BaseViewModel.swift */ = {isa = PBXFileReference; fileEncoding = 4; lastKnownFileType = sourcecode.swift; path = BaseViewModel.swift; sourceTree = "<group>"; };
		0553BFBC219D5A2000D8962C /* BaseChatModel.swift */ = {isa = PBXFileReference; fileEncoding = 4; lastKnownFileType = sourcecode.swift; path = BaseChatModel.swift; sourceTree = "<group>"; };
		0553BFBD219D5A2000D8962C /* BaseViewController.swift */ = {isa = PBXFileReference; fileEncoding = 4; lastKnownFileType = sourcecode.swift; path = BaseViewController.swift; sourceTree = "<group>"; };
		0553BFC2219D5C5100D8962C /* Colors.xcassets */ = {isa = PBXFileReference; lastKnownFileType = folder.assetcatalog; path = Colors.xcassets; sourceTree = "<group>"; };
		0553BFC7219D7A0500D8962C /* UserData.swift */ = {isa = PBXFileReference; lastKnownFileType = sourcecode.swift; path = UserData.swift; sourceTree = "<group>"; };
		0553BFC9219D7AC500D8962C /* UINavigationBar+extentions.swift */ = {isa = PBXFileReference; lastKnownFileType = sourcecode.swift; path = "UINavigationBar+extentions.swift"; sourceTree = "<group>"; };
		0553BFCC219DA28300D8962C /* CardView.swift */ = {isa = PBXFileReference; lastKnownFileType = sourcecode.swift; path = CardView.swift; sourceTree = "<group>"; };
		0553BFD2219DC07C00D8962C /* Cars-Bridging-Header.h */ = {isa = PBXFileReference; lastKnownFileType = sourcecode.c.h; path = "Cars-Bridging-Header.h"; sourceTree = "<group>"; };
		0553BFD3219DC07D00D8962C /* UIStackView+Separator.h */ = {isa = PBXFileReference; fileEncoding = 4; lastKnownFileType = sourcecode.c.h; path = "UIStackView+Separator.h"; sourceTree = "<group>"; };
		0553BFD4219DC07D00D8962C /* UIStackView+Separator.m */ = {isa = PBXFileReference; fileEncoding = 4; lastKnownFileType = sourcecode.c.objc; path = "UIStackView+Separator.m"; sourceTree = "<group>"; };
		0553BFD8219DC50B00D8962C /* TableCell.swift */ = {isa = PBXFileReference; lastKnownFileType = sourcecode.swift; path = TableCell.swift; sourceTree = "<group>"; };
		0553BFD9219DC50B00D8962C /* TableCell.xib */ = {isa = PBXFileReference; lastKnownFileType = file.xib; path = TableCell.xib; sourceTree = "<group>"; };
		0553BFDC219DC52000D8962C /* gridCell.swift */ = {isa = PBXFileReference; lastKnownFileType = sourcecode.swift; path = gridCell.swift; sourceTree = "<group>"; };
		0553BFDD219DC52000D8962C /* gridCell.xib */ = {isa = PBXFileReference; lastKnownFileType = file.xib; path = gridCell.xib; sourceTree = "<group>"; };
		0553BFE0219DC55600D8962C /* CarsViewModel.swift */ = {isa = PBXFileReference; lastKnownFileType = sourcecode.swift; path = CarsViewModel.swift; sourceTree = "<group>"; };
		05EE7EDE219C7B2400853256 /* Cars.app */ = {isa = PBXFileReference; explicitFileType = wrapper.application; includeInIndex = 0; path = Cars.app; sourceTree = BUILT_PRODUCTS_DIR; };
		05EE7EE1219C7B2400853256 /* AppDelegate.swift */ = {isa = PBXFileReference; lastKnownFileType = sourcecode.swift; path = AppDelegate.swift; sourceTree = "<group>"; };
		05EE7EE3219C7B2400853256 /* ViewController.swift */ = {isa = PBXFileReference; lastKnownFileType = sourcecode.swift; path = ViewController.swift; sourceTree = "<group>"; };
		05EE7EE6219C7B2400853256 /* Base */ = {isa = PBXFileReference; lastKnownFileType = file.storyboard; name = Base; path = Base.lproj/Main.storyboard; sourceTree = "<group>"; };
		05EE7EE9219C7B2400853256 /* Cars.xcdatamodel */ = {isa = PBXFileReference; lastKnownFileType = wrapper.xcdatamodel; path = Cars.xcdatamodel; sourceTree = "<group>"; };
		05EE7EEB219C7B2600853256 /* Assets.xcassets */ = {isa = PBXFileReference; lastKnownFileType = folder.assetcatalog; path = Assets.xcassets; sourceTree = "<group>"; };
		05EE7EEE219C7B2600853256 /* Base */ = {isa = PBXFileReference; lastKnownFileType = file.storyboard; name = Base; path = Base.lproj/LaunchScreen.storyboard; sourceTree = "<group>"; };
		05EE7EF0219C7B2600853256 /* Info.plist */ = {isa = PBXFileReference; lastKnownFileType = text.plist.xml; path = Info.plist; sourceTree = "<group>"; };
		05EE7EF5219C7B2700853256 /* CarsTests.xctest */ = {isa = PBXFileReference; explicitFileType = wrapper.cfbundle; includeInIndex = 0; path = CarsTests.xctest; sourceTree = BUILT_PRODUCTS_DIR; };
		05EE7EF9219C7B2700853256 /* CarsTests.swift */ = {isa = PBXFileReference; lastKnownFileType = sourcecode.swift; path = CarsTests.swift; sourceTree = "<group>"; };
		05EE7EFB219C7B2700853256 /* Info.plist */ = {isa = PBXFileReference; lastKnownFileType = text.plist.xml; path = Info.plist; sourceTree = "<group>"; };
		05EE7F12219C7E2600853256 /* Dictionary.swift */ = {isa = PBXFileReference; fileEncoding = 4; lastKnownFileType = sourcecode.swift; path = Dictionary.swift; sourceTree = "<group>"; };
		05EE7F13219C7E2600853256 /* StringExtensions.swift */ = {isa = PBXFileReference; fileEncoding = 4; lastKnownFileType = sourcecode.swift; path = StringExtensions.swift; sourceTree = "<group>"; };
		05EE7F14219C7E2600853256 /* UIColor+Hex.swift */ = {isa = PBXFileReference; fileEncoding = 4; lastKnownFileType = sourcecode.swift; path = "UIColor+Hex.swift"; sourceTree = "<group>"; };
		05EE7F15219C7E2600853256 /* UIImage+tintingColor.swift */ = {isa = PBXFileReference; fileEncoding = 4; lastKnownFileType = sourcecode.swift; path = "UIImage+tintingColor.swift"; sourceTree = "<group>"; };
		05EE7F17219C7E2600853256 /* UIView+resources.swift */ = {isa = PBXFileReference; fileEncoding = 4; lastKnownFileType = sourcecode.swift; path = "UIView+resources.swift"; sourceTree = "<group>"; };
		05EE7F18219C7E2600853256 /* UIviewController+extension.swift */ = {isa = PBXFileReference; fileEncoding = 4; lastKnownFileType = sourcecode.swift; path = "UIviewController+extension.swift"; sourceTree = "<group>"; };
		05EE7F20219C7EBC00853256 /* Constants.swift */ = {isa = PBXFileReference; fileEncoding = 4; lastKnownFileType = sourcecode.swift; path = Constants.swift; sourceTree = "<group>"; };
		05EE7F23219C7EFA00853256 /* DeviceHelper.swift */ = {isa = PBXFileReference; fileEncoding = 4; lastKnownFileType = sourcecode.swift; path = DeviceHelper.swift; sourceTree = "<group>"; };
		05EE7F25219C7F0400853256 /* ApiHelper.swift */ = {isa = PBXFileReference; fileEncoding = 4; lastKnownFileType = sourcecode.swift; path = ApiHelper.swift; sourceTree = "<group>"; };
		30615CD1FBF0B576A96C6C30 /* Pods-Cars.release.xcconfig */ = {isa = PBXFileReference; includeInIndex = 1; lastKnownFileType = text.xcconfig; name = "Pods-Cars.release.xcconfig"; path = "Pods/Target Support Files/Pods-Cars/Pods-Cars.release.xcconfig"; sourceTree = "<group>"; };
		63F0FC4BB0D6D31AF1B71A0C /* Pods_Cars.framework */ = {isa = PBXFileReference; explicitFileType = wrapper.framework; includeInIndex = 0; path = Pods_Cars.framework; sourceTree = BUILT_PRODUCTS_DIR; };
		66C4A02E9C9DBDB3F77CA303 /* Pods_CarsTests.framework */ = {isa = PBXFileReference; explicitFileType = wrapper.framework; includeInIndex = 0; path = Pods_CarsTests.framework; sourceTree = BUILT_PRODUCTS_DIR; };
		763522E8AEDFDCEBBEE20736 /* Pods-Cars.debug.xcconfig */ = {isa = PBXFileReference; includeInIndex = 1; lastKnownFileType = text.xcconfig; name = "Pods-Cars.debug.xcconfig"; path = "Pods/Target Support Files/Pods-Cars/Pods-Cars.debug.xcconfig"; sourceTree = "<group>"; };
		D44E91C4BD02189854A1337A /* Pods-CarsTests.debug.xcconfig */ = {isa = PBXFileReference; includeInIndex = 1; lastKnownFileType = text.xcconfig; name = "Pods-CarsTests.debug.xcconfig"; path = "Pods/Target Support Files/Pods-CarsTests/Pods-CarsTests.debug.xcconfig"; sourceTree = "<group>"; };
		D7819D86FB4C261A33257F7A /* Pods-CarsTests.release.xcconfig */ = {isa = PBXFileReference; includeInIndex = 1; lastKnownFileType = text.xcconfig; name = "Pods-CarsTests.release.xcconfig"; path = "Pods/Target Support Files/Pods-CarsTests/Pods-CarsTests.release.xcconfig"; sourceTree = "<group>"; };
/* End PBXFileReference section */

/* Begin PBXFrameworksBuildPhase section */
		05EE7EDB219C7B2400853256 /* Frameworks */ = {
			isa = PBXFrameworksBuildPhase;
			buildActionMask = 2147483647;
			files = (
				200A030D79FD8BBD679F009D /* Pods_Cars.framework in Frameworks */,
			);
			runOnlyForDeploymentPostprocessing = 0;
		};
		05EE7EF2219C7B2700853256 /* Frameworks */ = {
			isa = PBXFrameworksBuildPhase;
			buildActionMask = 2147483647;
			files = (
				73EBCBECA918E1B8F8BA31AE /* Pods_CarsTests.framework in Frameworks */,
			);
			runOnlyForDeploymentPostprocessing = 0;
		};
/* End PBXFrameworksBuildPhase section */

/* Begin PBXGroup section */
		0553BFBA219D5A0400D8962C /* Base */ = {
			isa = PBXGroup;
			children = (
				0553BFBC219D5A2000D8962C /* BaseChatModel.swift */,
				0553BFBD219D5A2000D8962C /* BaseViewController.swift */,
				0553BFBB219D5A2000D8962C /* BaseViewModel.swift */,
			);
			path = Base;
			sourceTree = "<group>";
		};
		0553BFC1219D5C3100D8962C /* Resources */ = {
			isa = PBXGroup;
			children = (
				0553BFCB219DA27200D8962C /* custom */,
				05EE7EEB219C7B2600853256 /* Assets.xcassets */,
				0553BFC2219D5C5100D8962C /* Colors.xcassets */,
			);
			path = Resources;
			sourceTree = "<group>";
		};
		0553BFCB219DA27200D8962C /* custom */ = {
			isa = PBXGroup;
			children = (
			);
			path = custom;
			sourceTree = "<group>";
		};
		0553BFD0219DC03800D8962C /* External */ = {
			isa = PBXGroup;
			children = (
				0553BFD1219DC03F00D8962C /* stackViewSeperator */,
			);
			path = External;
			sourceTree = "<group>";
		};
		0553BFD1219DC03F00D8962C /* stackViewSeperator */ = {
			isa = PBXGroup;
			children = (
				0553BFD2219DC07C00D8962C /* Cars-Bridging-Header.h */,
				0553BFD3219DC07D00D8962C /* UIStackView+Separator.h */,
				0553BFD4219DC07D00D8962C /* UIStackView+Separator.m */,
			);
			path = stackViewSeperator;
			sourceTree = "<group>";
		};
		0553BFD6219DC4BC00D8962C /* gridCell */ = {
			isa = PBXGroup;
			children = (
				0553BFDC219DC52000D8962C /* gridCell.swift */,
				0553BFDD219DC52000D8962C /* gridCell.xib */,
			);
			path = gridCell;
			sourceTree = "<group>";
		};
		0553BFD7219DC4DD00D8962C /* tableCell */ = {
			isa = PBXGroup;
			children = (
				0553BFD8219DC50B00D8962C /* TableCell.swift */,
				0553BFD9219DC50B00D8962C /* TableCell.xib */,
			);
			path = tableCell;
			sourceTree = "<group>";
		};
		0553BFE2219DC8D000D8962C /* cardView */ = {
			isa = PBXGroup;
			children = (
				0553BFCC219DA28300D8962C /* CardView.swift */,
			);
			path = cardView;
			sourceTree = "<group>";
		};
		05EE7ED5219C7B2400853256 = {
			isa = PBXGroup;
			children = (
				05EE7EE0219C7B2400853256 /* Cars */,
				05EE7EF8219C7B2700853256 /* CarsTests */,
				05EE7EDF219C7B2400853256 /* Products */,
				DFDC14889B5C96E3D1E720B2 /* Pods */,
				AA70A4699370519E7FA448B4 /* Frameworks */,
			);
			sourceTree = "<group>";
		};
		05EE7EDF219C7B2400853256 /* Products */ = {
			isa = PBXGroup;
			children = (
				05EE7EDE219C7B2400853256 /* Cars.app */,
				05EE7EF5219C7B2700853256 /* CarsTests.xctest */,
			);
			name = Products;
			sourceTree = "<group>";
		};
		05EE7EE0219C7B2400853256 /* Cars */ = {
			isa = PBXGroup;
			children = (
				0553BFD0219DC03800D8962C /* External */,
				0553BFC1219D5C3100D8962C /* Resources */,
				0553BFBA219D5A0400D8962C /* Base */,
				05EE7F22219C7EDA00853256 /* Utility */,
				05EE7F11219C7E2600853256 /* Extentions */,
				05EE7F09219C7D7400853256 /* ViewController */,
				05EE7F08219C7D6D00853256 /* ViewModel */,
				05EE7F07219C7D6500853256 /* Model */,
				05EE7F06219C7D5C00853256 /* API */,
				05EE7F05219C7D5200853256 /* Storyboards */,
				05EE7F04219C7D4B00853256 /* Views */,
				05EE7EE1219C7B2400853256 /* AppDelegate.swift */,
				05EE7F20219C7EBC00853256 /* Constants.swift */,
				05EE7EE5219C7B2400853256 /* Main.storyboard */,
				05EE7EED219C7B2600853256 /* LaunchScreen.storyboard */,
				05EE7EF0219C7B2600853256 /* Info.plist */,
				05EE7EE8219C7B2400853256 /* Cars.xcdatamodeld */,
			);
			path = Cars;
			sourceTree = "<group>";
		};
		05EE7EF8219C7B2700853256 /* CarsTests */ = {
			isa = PBXGroup;
			children = (
				05EE7EF9219C7B2700853256 /* CarsTests.swift */,
				05EE7EFB219C7B2700853256 /* Info.plist */,
			);
			path = CarsTests;
			sourceTree = "<group>";
		};
		05EE7F04219C7D4B00853256 /* Views */ = {
			isa = PBXGroup;
			children = (
				0553BFE2219DC8D000D8962C /* cardView */,
				0553BFD7219DC4DD00D8962C /* tableCell */,
				0553BFD6219DC4BC00D8962C /* gridCell */,
			);
			path = Views;
			sourceTree = "<group>";
		};
		05EE7F05219C7D5200853256 /* Storyboards */ = {
			isa = PBXGroup;
			children = (
			);
			path = Storyboards;
			sourceTree = "<group>";
		};
		05EE7F06219C7D5C00853256 /* API */ = {
			isa = PBXGroup;
			children = (
			);
			path = API;
			sourceTree = "<group>";
		};
		05EE7F07219C7D6500853256 /* Model */ = {
			isa = PBXGroup;
			children = (
			);
			path = Model;
			sourceTree = "<group>";
		};
		05EE7F08219C7D6D00853256 /* ViewModel */ = {
			isa = PBXGroup;
			children = (
				0553BFE0219DC55600D8962C /* CarsViewModel.swift */,
			);
			path = ViewModel;
			sourceTree = "<group>";
		};
		05EE7F09219C7D7400853256 /* ViewController */ = {
			isa = PBXGroup;
			children = (
				05EE7EE3219C7B2400853256 /* ViewController.swift */,
			);
			path = ViewController;
			sourceTree = "<group>";
		};
		05EE7F11219C7E2600853256 /* Extentions */ = {
			isa = PBXGroup;
			children = (
				05EE7F12219C7E2600853256 /* Dictionary.swift */,
				05EE7F13219C7E2600853256 /* StringExtensions.swift */,
				05EE7F14219C7E2600853256 /* UIColor+Hex.swift */,
				05EE7F15219C7E2600853256 /* UIImage+tintingColor.swift */,
				05EE7F17219C7E2600853256 /* UIView+resources.swift */,
				05EE7F18219C7E2600853256 /* UIviewController+extension.swift */,
				0553BFC9219D7AC500D8962C /* UINavigationBar+extentions.swift */,
			);
			path = Extentions;
			sourceTree = "<group>";
		};
		05EE7F22219C7EDA00853256 /* Utility */ = {
			isa = PBXGroup;
			children = (
				05EE7F25219C7F0400853256 /* ApiHelper.swift */,
				05EE7F23219C7EFA00853256 /* DeviceHelper.swift */,
				0553BFC7219D7A0500D8962C /* UserData.swift */,
			);
			path = Utility;
			sourceTree = "<group>";
		};
		AA70A4699370519E7FA448B4 /* Frameworks */ = {
			isa = PBXGroup;
			children = (
				63F0FC4BB0D6D31AF1B71A0C /* Pods_Cars.framework */,
				66C4A02E9C9DBDB3F77CA303 /* Pods_CarsTests.framework */,
			);
			name = Frameworks;
			sourceTree = "<group>";
		};
		DFDC14889B5C96E3D1E720B2 /* Pods */ = {
			isa = PBXGroup;
			children = (
				763522E8AEDFDCEBBEE20736 /* Pods-Cars.debug.xcconfig */,
				30615CD1FBF0B576A96C6C30 /* Pods-Cars.release.xcconfig */,
				D44E91C4BD02189854A1337A /* Pods-CarsTests.debug.xcconfig */,
				D7819D86FB4C261A33257F7A /* Pods-CarsTests.release.xcconfig */,
			);
			name = Pods;
			sourceTree = "<group>";
		};
/* End PBXGroup section */

/* Begin PBXNativeTarget section */
		05EE7EDD219C7B2400853256 /* Cars */ = {
			isa = PBXNativeTarget;
			buildConfigurationList = 05EE7EFE219C7B2700853256 /* Build configuration list for PBXNativeTarget "Cars" */;
			buildPhases = (
				8BB417D216A7D882E259A5BE /* [CP] Check Pods Manifest.lock */,
				05EE7EDA219C7B2400853256 /* Sources */,
				05EE7EDB219C7B2400853256 /* Frameworks */,
				05EE7EDC219C7B2400853256 /* Resources */,
				A0712E8B54803C5B060FDC9A /* [CP] Embed Pods Frameworks */,
			);
			buildRules = (
			);
			dependencies = (
			);
			name = Cars;
			productName = Cars;
			productReference = 05EE7EDE219C7B2400853256 /* Cars.app */;
			productType = "com.apple.product-type.application";
		};
		05EE7EF4219C7B2700853256 /* CarsTests */ = {
			isa = PBXNativeTarget;
			buildConfigurationList = 05EE7F01219C7B2700853256 /* Build configuration list for PBXNativeTarget "CarsTests" */;
			buildPhases = (
				6DF0369EB11B2C864A3DE9A6 /* [CP] Check Pods Manifest.lock */,
				05EE7EF1219C7B2700853256 /* Sources */,
				05EE7EF2219C7B2700853256 /* Frameworks */,
				05EE7EF3219C7B2700853256 /* Resources */,
			);
			buildRules = (
			);
			dependencies = (
				05EE7EF7219C7B2700853256 /* PBXTargetDependency */,
			);
			name = CarsTests;
			productName = CarsTests;
			productReference = 05EE7EF5219C7B2700853256 /* CarsTests.xctest */;
			productType = "com.apple.product-type.bundle.unit-test";
		};
/* End PBXNativeTarget section */

/* Begin PBXProject section */
		05EE7ED6219C7B2400853256 /* Project object */ = {
			isa = PBXProject;
			attributes = {
				LastSwiftUpdateCheck = 1000;
				LastUpgradeCheck = 1000;
				ORGANIZATIONNAME = Msheikh;
				TargetAttributes = {
					05EE7EDD219C7B2400853256 = {
						CreatedOnToolsVersion = 10.0;
						LastSwiftMigration = 1000;
					};
					05EE7EF4219C7B2700853256 = {
						CreatedOnToolsVersion = 10.0;
						TestTargetID = 05EE7EDD219C7B2400853256;
					};
				};
			};
			buildConfigurationList = 05EE7ED9219C7B2400853256 /* Build configuration list for PBXProject "Cars" */;
			compatibilityVersion = "Xcode 9.3";
			developmentRegion = en;
			hasScannedForEncodings = 0;
			knownRegions = (
				en,
				Base,
			);
			mainGroup = 05EE7ED5219C7B2400853256;
			productRefGroup = 05EE7EDF219C7B2400853256 /* Products */;
			projectDirPath = "";
			projectRoot = "";
			targets = (
				05EE7EDD219C7B2400853256 /* Cars */,
				05EE7EF4219C7B2700853256 /* CarsTests */,
			);
		};
/* End PBXProject section */

/* Begin PBXResourcesBuildPhase section */
		05EE7EDC219C7B2400853256 /* Resources */ = {
			isa = PBXResourcesBuildPhase;
			buildActionMask = 2147483647;
			files = (
				05EE7EEF219C7B2600853256 /* LaunchScreen.storyboard in Resources */,
				0553BFDF219DC52000D8962C /* gridCell.xib in Resources */,
				0553BFC3219D5C5100D8962C /* Colors.xcassets in Resources */,
				05EE7EEC219C7B2600853256 /* Assets.xcassets in Resources */,
				05EE7EE7219C7B2400853256 /* Main.storyboard in Resources */,
				0553BFDB219DC50B00D8962C /* TableCell.xib in Resources */,
			);
			runOnlyForDeploymentPostprocessing = 0;
		};
		05EE7EF3219C7B2700853256 /* Resources */ = {
			isa = PBXResourcesBuildPhase;
			buildActionMask = 2147483647;
			files = (
			);
			runOnlyForDeploymentPostprocessing = 0;
		};
/* End PBXResourcesBuildPhase section */

/* Begin PBXShellScriptBuildPhase section */
		6DF0369EB11B2C864A3DE9A6 /* [CP] Check Pods Manifest.lock */ = {
			isa = PBXShellScriptBuildPhase;
			buildActionMask = 2147483647;
			files = (
			);
			inputPaths = (
				"${PODS_PODFILE_DIR_PATH}/Podfile.lock",
				"${PODS_ROOT}/Manifest.lock",
			);
			name = "[CP] Check Pods Manifest.lock";
			outputPaths = (
				"$(DERIVED_FILE_DIR)/Pods-CarsTests-checkManifestLockResult.txt",
			);
			runOnlyForDeploymentPostprocessing = 0;
			shellPath = /bin/sh;
			shellScript = "diff \"${PODS_PODFILE_DIR_PATH}/Podfile.lock\" \"${PODS_ROOT}/Manifest.lock\" > /dev/null\nif [ $? != 0 ] ; then\n    # print error to STDERR\n    echo \"error: The sandbox is not in sync with the Podfile.lock. Run 'pod install' or update your CocoaPods installation.\" >&2\n    exit 1\nfi\n# This output is used by Xcode 'outputs' to avoid re-running this script phase.\necho \"SUCCESS\" > \"${SCRIPT_OUTPUT_FILE_0}\"\n";
			showEnvVarsInLog = 0;
		};
		8BB417D216A7D882E259A5BE /* [CP] Check Pods Manifest.lock */ = {
			isa = PBXShellScriptBuildPhase;
			buildActionMask = 2147483647;
			files = (
			);
			inputPaths = (
				"${PODS_PODFILE_DIR_PATH}/Podfile.lock",
				"${PODS_ROOT}/Manifest.lock",
			);
			name = "[CP] Check Pods Manifest.lock";
			outputPaths = (
				"$(DERIVED_FILE_DIR)/Pods-Cars-checkManifestLockResult.txt",
			);
			runOnlyForDeploymentPostprocessing = 0;
			shellPath = /bin/sh;
			shellScript = "diff \"${PODS_PODFILE_DIR_PATH}/Podfile.lock\" \"${PODS_ROOT}/Manifest.lock\" > /dev/null\nif [ $? != 0 ] ; then\n    # print error to STDERR\n    echo \"error: The sandbox is not in sync with the Podfile.lock. Run 'pod install' or update your CocoaPods installation.\" >&2\n    exit 1\nfi\n# This output is used by Xcode 'outputs' to avoid re-running this script phase.\necho \"SUCCESS\" > \"${SCRIPT_OUTPUT_FILE_0}\"\n";
			showEnvVarsInLog = 0;
		};
		A0712E8B54803C5B060FDC9A /* [CP] Embed Pods Frameworks */ = {
			isa = PBXShellScriptBuildPhase;
			buildActionMask = 2147483647;
			files = (
			);
			inputPaths = (
				"${SRCROOT}/Pods/Target Support Files/Pods-Cars/Pods-Cars-frameworks.sh",
				"${BUILT_PRODUCTS_DIR}/Alamofire/Alamofire.framework",
				"${BUILT_PRODUCTS_DIR}/AlamofireObjectMapper/AlamofireObjectMapper.framework",
				"${BUILT_PRODUCTS_DIR}/Deviice/Deviice.framework",
				"${BUILT_PRODUCTS_DIR}/Hue/Hue.framework",
				"${BUILT_PRODUCTS_DIR}/JGProgressHUD/JGProgressHUD.framework",
				"${BUILT_PRODUCTS_DIR}/Localize/Localize.framework",
				"${BUILT_PRODUCTS_DIR}/Luminous/Luminous.framework",
				"${BUILT_PRODUCTS_DIR}/MJSnackBar/MJSnackBar.framework",
				"${BUILT_PRODUCTS_DIR}/ObjectMapper/ObjectMapper.framework",
				"${BUILT_PRODUCTS_DIR}/PopItUp/PopItUp.framework",
				"${BUILT_PRODUCTS_DIR}/RxAlamofire/RxAlamofire.framework",
				"${BUILT_PRODUCTS_DIR}/RxAlamofire+ObjectMapper/RxAlamofire_ObjectMapper.framework",
				"${BUILT_PRODUCTS_DIR}/RxCocoa/RxCocoa.framework",
				"${BUILT_PRODUCTS_DIR}/RxSwift/RxSwift.framework",
				"${BUILT_PRODUCTS_DIR}/SwiftEventBus/SwiftEventBus.framework",
			);
			name = "[CP] Embed Pods Frameworks";
			outputPaths = (
				"${TARGET_BUILD_DIR}/${FRAMEWORKS_FOLDER_PATH}/Alamofire.framework",
				"${TARGET_BUILD_DIR}/${FRAMEWORKS_FOLDER_PATH}/AlamofireObjectMapper.framework",
				"${TARGET_BUILD_DIR}/${FRAMEWORKS_FOLDER_PATH}/Deviice.framework",
				"${TARGET_BUILD_DIR}/${FRAMEWORKS_FOLDER_PATH}/Hue.framework",
				"${TARGET_BUILD_DIR}/${FRAMEWORKS_FOLDER_PATH}/JGProgressHUD.framework",
				"${TARGET_BUILD_DIR}/${FRAMEWORKS_FOLDER_PATH}/Localize.framework",
				"${TARGET_BUILD_DIR}/${FRAMEWORKS_FOLDER_PATH}/Luminous.framework",
				"${TARGET_BUILD_DIR}/${FRAMEWORKS_FOLDER_PATH}/MJSnackBar.framework",
				"${TARGET_BUILD_DIR}/${FRAMEWORKS_FOLDER_PATH}/ObjectMapper.framework",
				"${TARGET_BUILD_DIR}/${FRAMEWORKS_FOLDER_PATH}/PopItUp.framework",
				"${TARGET_BUILD_DIR}/${FRAMEWORKS_FOLDER_PATH}/RxAlamofire.framework",
				"${TARGET_BUILD_DIR}/${FRAMEWORKS_FOLDER_PATH}/RxAlamofire_ObjectMapper.framework",
				"${TARGET_BUILD_DIR}/${FRAMEWORKS_FOLDER_PATH}/RxCocoa.framework",
				"${TARGET_BUILD_DIR}/${FRAMEWORKS_FOLDER_PATH}/RxSwift.framework",
				"${TARGET_BUILD_DIR}/${FRAMEWORKS_FOLDER_PATH}/SwiftEventBus.framework",
			);
			runOnlyForDeploymentPostprocessing = 0;
			shellPath = /bin/sh;
			shellScript = "\"${SRCROOT}/Pods/Target Support Files/Pods-Cars/Pods-Cars-frameworks.sh\"\n";
			showEnvVarsInLog = 0;
		};
/* End PBXShellScriptBuildPhase section */

/* Begin PBXSourcesBuildPhase section */
		05EE7EDA219C7B2400853256 /* Sources */ = {
			isa = PBXSourcesBuildPhase;
			buildActionMask = 2147483647;
			files = (
				05EE7F1E219C7E2600853256 /* UIView+resources.swift in Sources */,
				0553BFD5219DC07E00D8962C /* UIStackView+Separator.m in Sources */,
				05EE7F1A219C7E2600853256 /* StringExtensions.swift in Sources */,
				0553BFC8219D7A0500D8962C /* UserData.swift in Sources */,
				0553BFDE219DC52000D8962C /* gridCell.swift in Sources */,
				05EE7EE4219C7B2400853256 /* ViewController.swift in Sources */,
				0553BFBE219D5A2000D8962C /* BaseViewModel.swift in Sources */,
				05EE7F1F219C7E2600853256 /* UIviewController+extension.swift in Sources */,
				05EE7F26219C7F0400853256 /* ApiHelper.swift in Sources */,
				05EE7F1B219C7E2600853256 /* UIColor+Hex.swift in Sources */,
				0553BFCA219D7AC500D8962C /* UINavigationBar+extentions.swift in Sources */,
				0553BFDA219DC50B00D8962C /* TableCell.swift in Sources */,
				05EE7EE2219C7B2400853256 /* AppDelegate.swift in Sources */,
				0553BFCD219DA28300D8962C /* CardView.swift in Sources */,
				05EE7F24219C7EFA00853256 /* DeviceHelper.swift in Sources */,
				0553BFE1219DC55600D8962C /* CarsViewModel.swift in Sources */,
				0553BFBF219D5A2000D8962C /* BaseChatModel.swift in Sources */,
				05EE7F1C219C7E2600853256 /* UIImage+tintingColor.swift in Sources */,
				05EE7F19219C7E2600853256 /* Dictionary.swift in Sources */,
				05EE7EEA219C7B2400853256 /* Cars.xcdatamodeld in Sources */,
				0553BFC0219D5A2000D8962C /* BaseViewController.swift in Sources */,
				05EE7F21219C7EBC00853256 /* Constants.swift in Sources */,
			);
			runOnlyForDeploymentPostprocessing = 0;
		};
		05EE7EF1219C7B2700853256 /* Sources */ = {
			isa = PBXSourcesBuildPhase;
			buildActionMask = 2147483647;
			files = (
				05EE7EFA219C7B2700853256 /* CarsTests.swift in Sources */,
			);
			runOnlyForDeploymentPostprocessing = 0;
		};
/* End PBXSourcesBuildPhase section */

/* Begin PBXTargetDependency section */
		05EE7EF7219C7B2700853256 /* PBXTargetDependency */ = {
			isa = PBXTargetDependency;
			target = 05EE7EDD219C7B2400853256 /* Cars */;
			targetProxy = 05EE7EF6219C7B2700853256 /* PBXContainerItemProxy */;
		};
/* End PBXTargetDependency section */

/* Begin PBXVariantGroup section */
		05EE7EE5219C7B2400853256 /* Main.storyboard */ = {
			isa = PBXVariantGroup;
			children = (
				05EE7EE6219C7B2400853256 /* Base */,
			);
			name = Main.storyboard;
			sourceTree = "<group>";
		};
		05EE7EED219C7B2600853256 /* LaunchScreen.storyboard */ = {
			isa = PBXVariantGroup;
			children = (
				05EE7EEE219C7B2600853256 /* Base */,
			);
			name = LaunchScreen.storyboard;
			sourceTree = "<group>";
		};
/* End PBXVariantGroup section */

/* Begin XCBuildConfiguration section */
		05EE7EFC219C7B2700853256 /* Debug */ = {
			isa = XCBuildConfiguration;
			buildSettings = {
				ALWAYS_SEARCH_USER_PATHS = NO;
				CLANG_ANALYZER_NONNULL = YES;
				CLANG_ANALYZER_NUMBER_OBJECT_CONVERSION = YES_AGGRESSIVE;
				CLANG_CXX_LANGUAGE_STANDARD = "gnu++14";
				CLANG_CXX_LIBRARY = "libc++";
				CLANG_ENABLE_MODULES = YES;
				CLANG_ENABLE_OBJC_ARC = YES;
				CLANG_ENABLE_OBJC_WEAK = YES;
				CLANG_WARN_BLOCK_CAPTURE_AUTORELEASING = YES;
				CLANG_WARN_BOOL_CONVERSION = YES;
				CLANG_WARN_COMMA = YES;
				CLANG_WARN_CONSTANT_CONVERSION = YES;
				CLANG_WARN_DEPRECATED_OBJC_IMPLEMENTATIONS = YES;
				CLANG_WARN_DIRECT_OBJC_ISA_USAGE = YES_ERROR;
				CLANG_WARN_DOCUMENTATION_COMMENTS = YES;
				CLANG_WARN_EMPTY_BODY = YES;
				CLANG_WARN_ENUM_CONVERSION = YES;
				CLANG_WARN_INFINITE_RECURSION = YES;
				CLANG_WARN_INT_CONVERSION = YES;
				CLANG_WARN_NON_LITERAL_NULL_CONVERSION = YES;
				CLANG_WARN_OBJC_IMPLICIT_RETAIN_SELF = YES;
				CLANG_WARN_OBJC_LITERAL_CONVERSION = YES;
				CLANG_WARN_OBJC_ROOT_CLASS = YES_ERROR;
				CLANG_WARN_RANGE_LOOP_ANALYSIS = YES;
				CLANG_WARN_STRICT_PROTOTYPES = YES;
				CLANG_WARN_SUSPICIOUS_MOVE = YES;
				CLANG_WARN_UNGUARDED_AVAILABILITY = YES_AGGRESSIVE;
				CLANG_WARN_UNREACHABLE_CODE = YES;
				CLANG_WARN__DUPLICATE_METHOD_MATCH = YES;
				CODE_SIGN_IDENTITY = "iPhone Developer";
				COPY_PHASE_STRIP = NO;
				DEBUG_INFORMATION_FORMAT = dwarf;
				ENABLE_STRICT_OBJC_MSGSEND = YES;
				ENABLE_TESTABILITY = YES;
				GCC_C_LANGUAGE_STANDARD = gnu11;
				GCC_DYNAMIC_NO_PIC = NO;
				GCC_NO_COMMON_BLOCKS = YES;
				GCC_OPTIMIZATION_LEVEL = 0;
				GCC_PREPROCESSOR_DEFINITIONS = (
					"DEBUG=1",
					"$(inherited)",
				);
				GCC_WARN_64_TO_32_BIT_CONVERSION = YES;
				GCC_WARN_ABOUT_RETURN_TYPE = YES_ERROR;
				GCC_WARN_UNDECLARED_SELECTOR = YES;
				GCC_WARN_UNINITIALIZED_AUTOS = YES_AGGRESSIVE;
				GCC_WARN_UNUSED_FUNCTION = YES;
				GCC_WARN_UNUSED_VARIABLE = YES;
				IPHONEOS_DEPLOYMENT_TARGET = 12.0;
				MTL_ENABLE_DEBUG_INFO = INCLUDE_SOURCE;
				MTL_FAST_MATH = YES;
				ONLY_ACTIVE_ARCH = YES;
				SDKROOT = iphoneos;
				SWIFT_ACTIVE_COMPILATION_CONDITIONS = DEBUG;
				SWIFT_OPTIMIZATION_LEVEL = "-Onone";
			};
			name = Debug;
		};
		05EE7EFD219C7B2700853256 /* Release */ = {
			isa = XCBuildConfiguration;
			buildSettings = {
				ALWAYS_SEARCH_USER_PATHS = NO;
				CLANG_ANALYZER_NONNULL = YES;
				CLANG_ANALYZER_NUMBER_OBJECT_CONVERSION = YES_AGGRESSIVE;
				CLANG_CXX_LANGUAGE_STANDARD = "gnu++14";
				CLANG_CXX_LIBRARY = "libc++";
				CLANG_ENABLE_MODULES = YES;
				CLANG_ENABLE_OBJC_ARC = YES;
				CLANG_ENABLE_OBJC_WEAK = YES;
				CLANG_WARN_BLOCK_CAPTURE_AUTORELEASING = YES;
				CLANG_WARN_BOOL_CONVERSION = YES;
				CLANG_WARN_COMMA = YES;
				CLANG_WARN_CONSTANT_CONVERSION = YES;
				CLANG_WARN_DEPRECATED_OBJC_IMPLEMENTATIONS = YES;
				CLANG_WARN_DIRECT_OBJC_ISA_USAGE = YES_ERROR;
				CLANG_WARN_DOCUMENTATION_COMMENTS = YES;
				CLANG_WARN_EMPTY_BODY = YES;
				CLANG_WARN_ENUM_CONVERSION = YES;
				CLANG_WARN_INFINITE_RECURSION = YES;
				CLANG_WARN_INT_CONVERSION = YES;
				CLANG_WARN_NON_LITERAL_NULL_CONVERSION = YES;
				CLANG_WARN_OBJC_IMPLICIT_RETAIN_SELF = YES;
				CLANG_WARN_OBJC_LITERAL_CONVERSION = YES;
				CLANG_WARN_OBJC_ROOT_CLASS = YES_ERROR;
				CLANG_WARN_RANGE_LOOP_ANALYSIS = YES;
				CLANG_WARN_STRICT_PROTOTYPES = YES;
				CLANG_WARN_SUSPICIOUS_MOVE = YES;
				CLANG_WARN_UNGUARDED_AVAILABILITY = YES_AGGRESSIVE;
				CLANG_WARN_UNREACHABLE_CODE = YES;
				CLANG_WARN__DUPLICATE_METHOD_MATCH = YES;
				CODE_SIGN_IDENTITY = "iPhone Developer";
				COPY_PHASE_STRIP = NO;
				DEBUG_INFORMATION_FORMAT = "dwarf-with-dsym";
				ENABLE_NS_ASSERTIONS = NO;
				ENABLE_STRICT_OBJC_MSGSEND = YES;
				GCC_C_LANGUAGE_STANDARD = gnu11;
				GCC_NO_COMMON_BLOCKS = YES;
				GCC_WARN_64_TO_32_BIT_CONVERSION = YES;
				GCC_WARN_ABOUT_RETURN_TYPE = YES_ERROR;
				GCC_WARN_UNDECLARED_SELECTOR = YES;
				GCC_WARN_UNINITIALIZED_AUTOS = YES_AGGRESSIVE;
				GCC_WARN_UNUSED_FUNCTION = YES;
				GCC_WARN_UNUSED_VARIABLE = YES;
				IPHONEOS_DEPLOYMENT_TARGET = 12.0;
				MTL_ENABLE_DEBUG_INFO = NO;
				MTL_FAST_MATH = YES;
				SDKROOT = iphoneos;
				SWIFT_COMPILATION_MODE = wholemodule;
				SWIFT_OPTIMIZATION_LEVEL = "-O";
				VALIDATE_PRODUCT = YES;
			};
			name = Release;
		};
		05EE7EFF219C7B2700853256 /* Debug */ = {
			isa = XCBuildConfiguration;
			baseConfigurationReference = 763522E8AEDFDCEBBEE20736 /* Pods-Cars.debug.xcconfig */;
			buildSettings = {
				ASSETCATALOG_COMPILER_APPICON_NAME = AppIcon;
				CLANG_ENABLE_MODULES = YES;
				CODE_SIGN_STYLE = Automatic;
				DEVELOPMENT_TEAM = HQSUH8EU7X;
				INFOPLIST_FILE = Cars/Info.plist;
				LD_RUNPATH_SEARCH_PATHS = (
					"$(inherited)",
					"@executable_path/Frameworks",
				);
				PRODUCT_BUNDLE_IDENTIFIER = com.itg.mahmoud.Cars;
				PRODUCT_NAME = "$(TARGET_NAME)";
				SWIFT_OBJC_BRIDGING_HEADER = "Cars/External/stackViewSeperator/Cars-Bridging-Header.h";
				SWIFT_OPTIMIZATION_LEVEL = "-Onone";
				SWIFT_VERSION = 4.0;
				TARGETED_DEVICE_FAMILY = "1,2";
			};
			name = Debug;
		};
		05EE7F00219C7B2700853256 /* Release */ = {
			isa = XCBuildConfiguration;
			baseConfigurationReference = 30615CD1FBF0B576A96C6C30 /* Pods-Cars.release.xcconfig */;
			buildSettings = {
				ASSETCATALOG_COMPILER_APPICON_NAME = AppIcon;
				CLANG_ENABLE_MODULES = YES;
				CODE_SIGN_STYLE = Automatic;
				DEVELOPMENT_TEAM = HQSUH8EU7X;
				INFOPLIST_FILE = Cars/Info.plist;
				LD_RUNPATH_SEARCH_PATHS = (
					"$(inherited)",
					"@executable_path/Frameworks",
				);
				PRODUCT_BUNDLE_IDENTIFIER = com.itg.mahmoud.Cars;
				PRODUCT_NAME = "$(TARGET_NAME)";
				SWIFT_OBJC_BRIDGING_HEADER = "Cars/External/stackViewSeperator/Cars-Bridging-Header.h";
				SWIFT_VERSION = 4.0;
				TARGETED_DEVICE_FAMILY = "1,2";
			};
			name = Release;
		};
		05EE7F02219C7B2700853256 /* Debug */ = {
			isa = XCBuildConfiguration;
			baseConfigurationReference = D44E91C4BD02189854A1337A /* Pods-CarsTests.debug.xcconfig */;
			buildSettings = {
				ALWAYS_EMBED_SWIFT_STANDARD_LIBRARIES = YES;
				BUNDLE_LOADER = "$(TEST_HOST)";
				CODE_SIGN_STYLE = Automatic;
				DEVELOPMENT_TEAM = HQSUH8EU7X;
				INFOPLIST_FILE = CarsTests/Info.plist;
				LD_RUNPATH_SEARCH_PATHS = (
					"$(inherited)",
					"@executable_path/Frameworks",
					"@loader_path/Frameworks",
				);
				PRODUCT_BUNDLE_IDENTIFIER = com.itg.mahmoud.CarsTests;
				PRODUCT_NAME = "$(TARGET_NAME)";
				SWIFT_VERSION = 4.2;
				TARGETED_DEVICE_FAMILY = "1,2";
				TEST_HOST = "$(BUILT_PRODUCTS_DIR)/Cars.app/Cars";
			};
			name = Debug;
		};
		05EE7F03219C7B2700853256 /* Release */ = {
			isa = XCBuildConfiguration;
			baseConfigurationReference = D7819D86FB4C261A33257F7A /* Pods-CarsTests.release.xcconfig */;
			buildSettings = {
				ALWAYS_EMBED_SWIFT_STANDARD_LIBRARIES = YES;
				BUNDLE_LOADER = "$(TEST_HOST)";
				CODE_SIGN_STYLE = Automatic;
				DEVELOPMENT_TEAM = HQSUH8EU7X;
				INFOPLIST_FILE = CarsTests/Info.plist;
				LD_RUNPATH_SEARCH_PATHS = (
					"$(inherited)",
					"@executable_path/Frameworks",
					"@loader_path/Frameworks",
				);
				PRODUCT_BUNDLE_IDENTIFIER = com.itg.mahmoud.CarsTests;
				PRODUCT_NAME = "$(TARGET_NAME)";
				SWIFT_VERSION = 4.2;
				TARGETED_DEVICE_FAMILY = "1,2";
				TEST_HOST = "$(BUILT_PRODUCTS_DIR)/Cars.app/Cars";
			};
			name = Release;
		};
/* End XCBuildConfiguration section */

/* Begin XCConfigurationList section */
		05EE7ED9219C7B2400853256 /* Build configuration list for PBXProject "Cars" */ = {
			isa = XCConfigurationList;
			buildConfigurations = (
				05EE7EFC219C7B2700853256 /* Debug */,
				05EE7EFD219C7B2700853256 /* Release */,
			);
			defaultConfigurationIsVisible = 0;
			defaultConfigurationName = Release;
		};
		05EE7EFE219C7B2700853256 /* Build configuration list for PBXNativeTarget "Cars" */ = {
			isa = XCConfigurationList;
			buildConfigurations = (
				05EE7EFF219C7B2700853256 /* Debug */,
				05EE7F00219C7B2700853256 /* Release */,
			);
			defaultConfigurationIsVisible = 0;
			defaultConfigurationName = Release;
		};
		05EE7F01219C7B2700853256 /* Build configuration list for PBXNativeTarget "CarsTests" */ = {
			isa = XCConfigurationList;
			buildConfigurations = (
				05EE7F02219C7B2700853256 /* Debug */,
				05EE7F03219C7B2700853256 /* Release */,
			);
			defaultConfigurationIsVisible = 0;
			defaultConfigurationName = Release;
		};
/* End XCConfigurationList section */

/* Begin XCVersionGroup section */
		05EE7EE8219C7B2400853256 /* Cars.xcdatamodeld */ = {
			isa = XCVersionGroup;
			children = (
				05EE7EE9219C7B2400853256 /* Cars.xcdatamodel */,
			);
			currentVersion = 05EE7EE9219C7B2400853256 /* Cars.xcdatamodel */;
			path = Cars.xcdatamodeld;
			sourceTree = "<group>";
			versionGroupType = wrapper.xcdatamodel;
		};
/* End XCVersionGroup section */
	};
	rootObject = 05EE7ED6219C7B2400853256 /* Project object */;
}
